<?xml version="1.0" encoding="utf-8"?>
<Project ToolsVersion="4.0" xmlns="http://schemas.microsoft.com/developer/msbuild/2003">
  <ItemGroup>
    <ClCompile Include="MM.cpp" />
    <ClCompile Include="DBG.cpp" />
    <ClCompile Include="Simple.cpp" />
    <ClCompile Include="S_Interpreter.cpp" />
    <ClCompile Include="S_String.cpp" />
    <ClCompile Include="S_Expression.cpp" />
    <ClCompile Include="ERR.cpp" />
    <ClCompile Include="lex.yy.c" />
    <ClCompile Include="simple.tab.c" />
    <ClCompile Include="S_Value.cpp" />
    <ClCompile Include="S_Eval.cpp" />
    <ClCompile Include="S_Context.cpp" />
  </ItemGroup>
  <ItemGroup>
    <ClInclude Include="Common.h" />
    <ClInclude Include="DBG.h" />
    <ClInclude Include="MM.h" />
    <ClInclude Include="S_Interpreter.h" />
    <ClInclude Include="S_String.h" />
    <ClInclude Include="S_Expression.h" />
    <ClInclude Include="ERR.h" />
    <ClInclude Include="simple.tab.h" />
    <ClInclude Include="S_Value.h" />
    <ClInclude Include="S_Eval.h" />
    <ClInclude Include="S_Context.h" />
  </ItemGroup>
</Project>